
Microsoft Visual Studio Solution File, Format Version 12.00
# Visual Studio Version 16
VisualStudioVersion = 16.0.31729.503
MinimumVisualStudioVersion = 10.0.40219.1
Project("{9A19103F-16F7-4668-BE54-9A1E7A4F7556}") = "SocialNetwork.Common", "SocialNetwork.Common\SocialNetwork.Common.csproj", "{AED3BE12-92AC-4139-ACFB-885A853AFDA9}"
EndProject
Project("{9A19103F-16F7-4668-BE54-9A1E7A4F7556}") = "SocialNetwork.API", "SocialNetwork.API\SocialNetwork.API.csproj", "{29D7DAA2-3548-4160-8E79-680A422BFA69}"
EndProject
Project("{9A19103F-16F7-4668-BE54-9A1E7A4F7556}") = "SocialNetwork.Infrastructure", "SocialNetwork.Infrastructure\SocialNetwork.Infrastructure.csproj", "{9ACD8180-5B49-49FF-A659-BCDDDCD22DA3}"
EndProject
Project("{9A19103F-16F7-4668-BE54-9A1E7A4F7556}") = "SocialNetwork.Data", "SocialNetwork.Data\SocialNetwork.Data.csproj", "{76D2D528-222F-4C92-99DE-7F4304C72ECB}"
EndProject
Project("{FAE04EC0-301F-11D3-BF4B-00C04F79EFBC}") = "SocialNetwork.Domain", "SocialNetwork.Domain\SocialNetwork.Domain.csproj", "{4DD72184-1B2A-4FD4-AF35-CF3A09FF24F9}"
EndProject
Global
	GlobalSection(SolutionConfigurationPlatforms) = preSolution
		Debug|Any CPU = Debug|Any CPU
		Release|Any CPU = Release|Any CPU
	EndGlobalSection
	GlobalSection(ProjectConfigurationPlatforms) = postSolution
		{AED3BE12-92AC-4139-ACFB-885A853AFDA9}.Debug|Any CPU.ActiveCfg = Debug|Any CPU
		{AED3BE12-92AC-4139-ACFB-885A853AFDA9}.Debug|Any CPU.Build.0 = Debug|Any CPU
		{AED3BE12-92AC-4139-ACFB-885A853AFDA9}.Release|Any CPU.ActiveCfg = Release|Any CPU
		{AED3BE12-92AC-4139-ACFB-885A853AFDA9}.Release|Any CPU.Build.0 = Release|Any CPU
		{29D7DAA2-3548-4160-8E79-680A422BFA69}.Debug|Any CPU.ActiveCfg = Debug|Any CPU
		{29D7DAA2-3548-4160-8E79-680A422BFA69}.Debug|Any CPU.Build.0 = Debug|Any CPU
		{29D7DAA2-3548-4160-8E79-680A422BFA69}.Release|Any CPU.ActiveCfg = Release|Any CPU
		{29D7DAA2-3548-4160-8E79-680A422BFA69}.Release|Any CPU.Build.0 = Release|Any CPU
		{9ACD8180-5B49-49FF-A659-BCDDDCD22DA3}.Debug|Any CPU.ActiveCfg = Debug|Any CPU
		{9ACD8180-5B49-49FF-A659-BCDDDCD22DA3}.Debug|Any CPU.Build.0 = Debug|Any CPU
		{9ACD8180-5B49-49FF-A659-BCDDDCD22DA3}.Release|Any CPU.ActiveCfg = Release|Any CPU
		{9ACD8180-5B49-49FF-A659-BCDDDCD22DA3}.Release|Any CPU.Build.0 = Release|Any CPU
		{76D2D528-222F-4C92-99DE-7F4304C72ECB}.Debug|Any CPU.ActiveCfg = Debug|Any CPU
		{76D2D528-222F-4C92-99DE-7F4304C72ECB}.Debug|Any CPU.Build.0 = Debug|Any CPU
		{76D2D528-222F-4C92-99DE-7F4304C72ECB}.Release|Any CPU.ActiveCfg = Release|Any CPU
		{76D2D528-222F-4C92-99DE-7F4304C72ECB}.Release|Any CPU.Build.0 = Release|Any CPU
		{4DD72184-1B2A-4FD4-AF35-CF3A09FF24F9}.Debug|Any CPU.ActiveCfg = Debug|Any CPU
		{4DD72184-1B2A-4FD4-AF35-CF3A09FF24F9}.Debug|Any CPU.Build.0 = Debug|Any CPU
		{4DD72184-1B2A-4FD4-AF35-CF3A09FF24F9}.Release|Any CPU.ActiveCfg = Release|Any CPU
		{4DD72184-1B2A-4FD4-AF35-CF3A09FF24F9}.Release|Any CPU.Build.0 = Release|Any CPU
	EndGlobalSection
	GlobalSection(SolutionProperties) = preSolution
		HideSolutionNode = FALSE
	EndGlobalSection
	GlobalSection(ExtensibilityGlobals) = postSolution
		SolutionGuid = {D7C45D45-8C5D-4655-AEF3-315EFE77EF36}
	EndGlobalSection
EndGlobal
